
Microsoft Visual Studio Solution File, Format Version 12.00
# Visual Studio Version 16
VisualStudioVersion = 16.0.29613.14
MinimumVisualStudioVersion = 10.0.40219.1
Project("{FAE04EC0-301F-11D3-BF4B-00C04F79EFBC}") = "DumbCharades.api", "DumbCharades.api\DumbCharades.api.csproj", "{6874559E-5082-4109-99B9-56EC6C64089A}"
EndProject
Global
	GlobalSection(SolutionConfigurationPlatforms) = preSolution
		Debug|Any CPU = Debug|Any CPU
		Release|Any CPU = Release|Any CPU
	EndGlobalSection
	GlobalSection(ProjectConfigurationPlatforms) = postSolution
		{6874559E-5082-4109-99B9-56EC6C64089A}.Debug|Any CPU.ActiveCfg = Debug|Any CPU
		{6874559E-5082-4109-99B9-56EC6C64089A}.Debug|Any CPU.Build.0 = Debug|Any CPU
		{6874559E-5082-4109-99B9-56EC6C64089A}.Release|Any CPU.ActiveCfg = Release|Any CPU
		{6874559E-5082-4109-99B9-56EC6C64089A}.Release|Any CPU.Build.0 = Release|Any CPU
	EndGlobalSection
	GlobalSection(SolutionProperties) = preSolution
		HideSolutionNode = FALSE
	EndGlobalSection
	GlobalSection(ExtensibilityGlobals) = postSolution
		SolutionGuid = {EAB71CBF-7B67-4C6B-9F52-0EDFA4779204}
	EndGlobalSection
EndGlobal
